
Microsoft Visual Studio Solution File, Format Version 12.00
# Visual Studio Version 16
VisualStudioVersion = 16.0.31025.194
MinimumVisualStudioVersion = 10.0.40219.1
Project("{FAE04EC0-301F-11D3-BF4B-00C04F79EFBC}") = "BarsBooking", "BarsBooking\BarsBooking.csproj", "{7429D3D3-A469-44AC-A885-D5B219E6090A}"
EndProject
Global
	GlobalSection(SolutionConfigurationPlatforms) = preSolution
		Debug|Any CPU = Debug|Any CPU
		Release|Any CPU = Release|Any CPU
	EndGlobalSection
	GlobalSection(ProjectConfigurationPlatforms) = postSolution
		{7429D3D3-A469-44AC-A885-D5B219E6090A}.Debug|Any CPU.ActiveCfg = Debug|Any CPU
		{7429D3D3-A469-44AC-A885-D5B219E6090A}.Debug|Any CPU.Build.0 = Debug|Any CPU
		{7429D3D3-A469-44AC-A885-D5B219E6090A}.Release|Any CPU.ActiveCfg = Release|Any CPU
		{7429D3D3-A469-44AC-A885-D5B219E6090A}.Release|Any CPU.Build.0 = Release|Any CPU
	EndGlobalSection
	GlobalSection(SolutionProperties) = preSolution
		HideSolutionNode = FALSE
	EndGlobalSection
	GlobalSection(ExtensibilityGlobals) = postSolution
		SolutionGuid = {FA5514C2-672D-435B-8870-DF50BE6AFD0B}
	EndGlobalSection
EndGlobal
